
Microsoft Visual Studio Solution File, Format Version 12.00
# Visual Studio Version 16
VisualStudioVersion = 16.0.30309.148
MinimumVisualStudioVersion = 10.0.40219.1
Project("{2150E333-8FDC-42A3-9474-1A3956D46DE8}") = "src", "src", "{C4989C64-8065-47EF-BD1D-D5BAE0EC9286}"
EndProject
Project("{2150E333-8FDC-42A3-9474-1A3956D46DE8}") = "Solution Items", "Solution Items", "{A5DF56E0-1ED7-4885-8E52-0108E65C2CC1}"
	ProjectSection(SolutionItems) = preProject
		.github\workflows\dotnetcore.yml = .github\workflows\dotnetcore.yml
		README.md = README.md
		U2FCore.pfx = U2FCore.pfx
	EndProjectSection
EndProject
Project("{2150E333-8FDC-42A3-9474-1A3956D46DE8}") = "test", "test", "{C22ABDC2-97E5-4C12-802C-0877F09DEE03}"
EndProject
Project("{2150E333-8FDC-42A3-9474-1A3956D46DE8}") = "DemoWebSite", "DemoWebSite", "{FD9C495E-9ED2-4B8A-A171-F0BFCBD2C7F6}"
EndProject
Project("{9A19103F-16F7-4668-BE54-9A1E7A4F7556}") = "U2F.Core", "src\U2F.Core\U2F.Core.csproj", "{78B21560-5F9E-4494-83D1-239BDF7D57F6}"
EndProject
Project("{9A19103F-16F7-4668-BE54-9A1E7A4F7556}") = "UnitTests", "tests\UnitTests\UnitTests.csproj", "{6D8A572D-9F40-4423-B87A-0243DFEE57E0}"
EndProject
Project("{9A19103F-16F7-4668-BE54-9A1E7A4F7556}") = "U2F.Demo", "src\U2F.Demo\U2F.Demo\U2F.Demo.csproj", "{BD4FAEA5-3290-4126-83A5-79D8D8871342}"
EndProject
Project("{9A19103F-16F7-4668-BE54-9A1E7A4F7556}") = "U2F.Core.Crypto.BouncyCastle", "src\U2F.Core.Crypto.BouncyCastle\U2F.Core.Crypto.BouncyCastle.csproj", "{64296052-9273-475F-AF05-FD1EC69EA031}"
EndProject
Global
	GlobalSection(SolutionConfigurationPlatforms) = preSolution
		Debug|Any CPU = Debug|Any CPU
		Release|Any CPU = Release|Any CPU
	EndGlobalSection
	GlobalSection(ProjectConfigurationPlatforms) = postSolution
		{78B21560-5F9E-4494-83D1-239BDF7D57F6}.Debug|Any CPU.ActiveCfg = Debug|Any CPU
		{78B21560-5F9E-4494-83D1-239BDF7D57F6}.Debug|Any CPU.Build.0 = Debug|Any CPU
		{78B21560-5F9E-4494-83D1-239BDF7D57F6}.Release|Any CPU.ActiveCfg = Release|Any CPU
		{78B21560-5F9E-4494-83D1-239BDF7D57F6}.Release|Any CPU.Build.0 = Release|Any CPU
		{6D8A572D-9F40-4423-B87A-0243DFEE57E0}.Debug|Any CPU.ActiveCfg = Debug|Any CPU
		{6D8A572D-9F40-4423-B87A-0243DFEE57E0}.Debug|Any CPU.Build.0 = Debug|Any CPU
		{6D8A572D-9F40-4423-B87A-0243DFEE57E0}.Release|Any CPU.ActiveCfg = Release|Any CPU
		{6D8A572D-9F40-4423-B87A-0243DFEE57E0}.Release|Any CPU.Build.0 = Release|Any CPU
		{BD4FAEA5-3290-4126-83A5-79D8D8871342}.Debug|Any CPU.ActiveCfg = Debug|Any CPU
		{BD4FAEA5-3290-4126-83A5-79D8D8871342}.Debug|Any CPU.Build.0 = Debug|Any CPU
		{BD4FAEA5-3290-4126-83A5-79D8D8871342}.Release|Any CPU.ActiveCfg = Release|Any CPU
		{BD4FAEA5-3290-4126-83A5-79D8D8871342}.Release|Any CPU.Build.0 = Release|Any CPU
		{64296052-9273-475F-AF05-FD1EC69EA031}.Debug|Any CPU.ActiveCfg = Debug|Any CPU
		{64296052-9273-475F-AF05-FD1EC69EA031}.Debug|Any CPU.Build.0 = Debug|Any CPU
		{64296052-9273-475F-AF05-FD1EC69EA031}.Release|Any CPU.ActiveCfg = Release|Any CPU
		{64296052-9273-475F-AF05-FD1EC69EA031}.Release|Any CPU.Build.0 = Release|Any CPU
	EndGlobalSection
	GlobalSection(SolutionProperties) = preSolution
		HideSolutionNode = FALSE
	EndGlobalSection
	GlobalSection(NestedProjects) = preSolution
		{FD9C495E-9ED2-4B8A-A171-F0BFCBD2C7F6} = {C4989C64-8065-47EF-BD1D-D5BAE0EC9286}
		{78B21560-5F9E-4494-83D1-239BDF7D57F6} = {C4989C64-8065-47EF-BD1D-D5BAE0EC9286}
		{6D8A572D-9F40-4423-B87A-0243DFEE57E0} = {C22ABDC2-97E5-4C12-802C-0877F09DEE03}
		{BD4FAEA5-3290-4126-83A5-79D8D8871342} = {FD9C495E-9ED2-4B8A-A171-F0BFCBD2C7F6}
		{64296052-9273-475F-AF05-FD1EC69EA031} = {C4989C64-8065-47EF-BD1D-D5BAE0EC9286}
	EndGlobalSection
	GlobalSection(ExtensibilityGlobals) = postSolution
		SolutionGuid = {828FBD32-2481-43BF-A06A-D3AA8F24F986}
	EndGlobalSection
EndGlobal
